
Microsoft Visual Studio Solution File, Format Version 11.00
# Visual Studio 2010
Project("{FAE04EC0-301F-11D3-BF4B-00C04F79EFBC}") = "ASATGuidanceModule", "ASATGuidanceModule.csproj", "{2A699D97-BA7E-4462-A02C-1B076FED705F}"
EndProject
Global
	GlobalSection(SolutionConfigurationPlatforms) = preSolution
		Debug|x86 = Debug|x86
		Release|x86 = Release|x86
	EndGlobalSection
	GlobalSection(ProjectConfigurationPlatforms) = postSolution
		{2A699D97-BA7E-4462-A02C-1B076FED705F}.Debug|x86.ActiveCfg = Debug|x86
		{2A699D97-BA7E-4462-A02C-1B076FED705F}.Debug|x86.Build.0 = Debug|x86
		{2A699D97-BA7E-4462-A02C-1B076FED705F}.Release|x86.ActiveCfg = Release|x86
		{2A699D97-BA7E-4462-A02C-1B076FED705F}.Release|x86.Build.0 = Release|x86
	EndGlobalSection
	GlobalSection(MonoDevelopProperties) = preSolution
		StartupItem = ASATGuidanceModule.csproj
		Policies = $0
		$0.DotNetNamingPolicy = $1
		$1.DirectoryNamespaceAssociation = None
		$1.ResourceNamePolicy = FileFormatDefault
		$0.TextStylePolicy = $2
		$2.inheritsSet = null
		$2.scope = text/x-csharp
		$0.CSharpFormattingPolicy = $3
		$3.inheritsSet = Mono
		$3.inheritsScope = text/x-csharp
		$3.scope = text/x-csharp
		$0.StandardHeader = $4
		$4.Text = 
		$4.IncludeInNewFiles = True
	EndGlobalSection
EndGlobal
